
Microsoft Visual Studio Solution File, Format Version 12.00
# Visual Studio 2012
Project("{FAE04EC0-301F-11D3-BF4B-00C04F79EFBC}") = "OpenMateNET.Lib", "OpenMateNET.Lib\OpenMateNET.Lib.csproj", "{5DB287E3-E2FB-447F-A7D3-CCE74032B4B4}"
EndProject
Project("{FAE04EC0-301F-11D3-BF4B-00C04F79EFBC}") = "OpenMateNET.TestApp", "OpenMateNET.TestApp\OpenMateNET.TestApp.csproj", "{66609D63-356B-4705-A39E-D5D51F48AC8D}"
EndProject
Project("{2150E333-8FDC-42A3-9474-1A3956D46DE8}") = ".nuget", ".nuget", "{63B37CD6-1F15-4F39-B78C-64138548D317}"
	ProjectSection(SolutionItems) = preProject
		.nuget\NuGet.Config = .nuget\NuGet.Config
		.nuget\NuGet.exe = .nuget\NuGet.exe
		.nuget\NuGet.targets = .nuget\NuGet.targets
	EndProjectSection
EndProject
Global
	GlobalSection(SolutionConfigurationPlatforms) = preSolution
		Debug|Any CPU = Debug|Any CPU
		Release|Any CPU = Release|Any CPU
	EndGlobalSection
	GlobalSection(ProjectConfigurationPlatforms) = postSolution
		{5DB287E3-E2FB-447F-A7D3-CCE74032B4B4}.Debug|Any CPU.ActiveCfg = Debug|Any CPU
		{5DB287E3-E2FB-447F-A7D3-CCE74032B4B4}.Debug|Any CPU.Build.0 = Debug|Any CPU
		{5DB287E3-E2FB-447F-A7D3-CCE74032B4B4}.Release|Any CPU.ActiveCfg = Release|Any CPU
		{5DB287E3-E2FB-447F-A7D3-CCE74032B4B4}.Release|Any CPU.Build.0 = Release|Any CPU
		{66609D63-356B-4705-A39E-D5D51F48AC8D}.Debug|Any CPU.ActiveCfg = Debug|Any CPU
		{66609D63-356B-4705-A39E-D5D51F48AC8D}.Debug|Any CPU.Build.0 = Debug|Any CPU
		{66609D63-356B-4705-A39E-D5D51F48AC8D}.Release|Any CPU.ActiveCfg = Release|Any CPU
		{66609D63-356B-4705-A39E-D5D51F48AC8D}.Release|Any CPU.Build.0 = Release|Any CPU
	EndGlobalSection
	GlobalSection(SolutionProperties) = preSolution
		HideSolutionNode = FALSE
	EndGlobalSection
EndGlobal
